
Microsoft Visual Studio Solution File, Format Version 12.00
# Visual Studio Version 17
VisualStudioVersion = 17.1.32328.378
MinimumVisualStudioVersion = 10.0.40219.1
Project("{FAE04EC0-301F-11D3-BF4B-00C04F79EFBC}") = "TestMobileApp.Android", "TestMobileApp\TestMobileApp.Android\TestMobileApp.Android.csproj", "{B6460675-F5C4-4268-8468-7D77CC157019}"
EndProject
Project("{FAE04EC0-301F-11D3-BF4B-00C04F79EFBC}") = "TestMobileApp", "TestMobileApp\TestMobileApp\TestMobileApp.csproj", "{27646EC0-7B2F-4587-9184-66DA8D6E0FAC}"
EndProject
Global
	GlobalSection(SolutionConfigurationPlatforms) = preSolution
		Debug|Any CPU = Debug|Any CPU
		Release|Any CPU = Release|Any CPU
	EndGlobalSection
	GlobalSection(ProjectConfigurationPlatforms) = postSolution
		{B6460675-F5C4-4268-8468-7D77CC157019}.Debug|Any CPU.ActiveCfg = Debug|Any CPU
		{B6460675-F5C4-4268-8468-7D77CC157019}.Debug|Any CPU.Build.0 = Debug|Any CPU
		{B6460675-F5C4-4268-8468-7D77CC157019}.Debug|Any CPU.Deploy.0 = Debug|Any CPU
		{B6460675-F5C4-4268-8468-7D77CC157019}.Release|Any CPU.ActiveCfg = Release|Any CPU
		{B6460675-F5C4-4268-8468-7D77CC157019}.Release|Any CPU.Build.0 = Release|Any CPU
		{B6460675-F5C4-4268-8468-7D77CC157019}.Release|Any CPU.Deploy.0 = Release|Any CPU
		{27646EC0-7B2F-4587-9184-66DA8D6E0FAC}.Debug|Any CPU.ActiveCfg = Debug|Any CPU
		{27646EC0-7B2F-4587-9184-66DA8D6E0FAC}.Debug|Any CPU.Build.0 = Debug|Any CPU
		{27646EC0-7B2F-4587-9184-66DA8D6E0FAC}.Debug|Any CPU.Deploy.0 = Debug|Any CPU
		{27646EC0-7B2F-4587-9184-66DA8D6E0FAC}.Release|Any CPU.ActiveCfg = Release|Any CPU
		{27646EC0-7B2F-4587-9184-66DA8D6E0FAC}.Release|Any CPU.Build.0 = Release|Any CPU
		{27646EC0-7B2F-4587-9184-66DA8D6E0FAC}.Release|Any CPU.Deploy.0 = Release|Any CPU
	EndGlobalSection
	GlobalSection(SolutionProperties) = preSolution
		HideSolutionNode = FALSE
	EndGlobalSection
	GlobalSection(ExtensibilityGlobals) = postSolution
		SolutionGuid = {5912F03B-B260-4B21-BDB9-DC5C30F36412}
	EndGlobalSection
EndGlobal
